
Microsoft Visual Studio Solution File, Format Version 12.00
# Visual Studio Version 16
VisualStudioVersion = 16.0.809.10
MinimumVisualStudioVersion = 10.0.40219.1
Project("{FAE04EC0-301F-11D3-BF4B-00C04F79EFBC}") = "AAGITTEST", "AAGITTEST\AAGITTEST.csproj", "{37553C3F-B44C-4960-A274-0135A032412F}"
EndProject
Global
	GlobalSection(SolutionConfigurationPlatforms) = preSolution
		Debug|Any CPU = Debug|Any CPU
		Release|Any CPU = Release|Any CPU
	EndGlobalSection
	GlobalSection(ProjectConfigurationPlatforms) = postSolution
		{37553C3F-B44C-4960-A274-0135A032412F}.Debug|Any CPU.ActiveCfg = Debug|Any CPU
		{37553C3F-B44C-4960-A274-0135A032412F}.Debug|Any CPU.Build.0 = Debug|Any CPU
		{37553C3F-B44C-4960-A274-0135A032412F}.Release|Any CPU.ActiveCfg = Release|Any CPU
		{37553C3F-B44C-4960-A274-0135A032412F}.Release|Any CPU.Build.0 = Release|Any CPU
	EndGlobalSection
	GlobalSection(SolutionProperties) = preSolution
		HideSolutionNode = FALSE
	EndGlobalSection
	GlobalSection(ExtensibilityGlobals) = postSolution
		SolutionGuid = {4DAAD880-08AC-4870-8AC1-0F63877822C5}
	EndGlobalSection
EndGlobal
